// !$*UTF8*$!
{
	archiveVersion = 1;
	classes = {
	};
	objectVersion = 46;
	objects = {

/* Begin PBXBuildFile section */
		0E386FB5B21F156DDFFC70A0 /* Pods_CoffeeCount.framework in Frameworks */ = {isa = PBXBuildFile; fileRef = 49156E3CDCC67D2184197552 /* Pods_CoffeeCount.framework */; };
		9315439C1DC88ED600E5E750 /* Employees.json in Resources */ = {isa = PBXBuildFile; fileRef = 9315439B1DC88ED600E5E750 /* Employees.json */; };
		9330DC421DC1F91700EB92AB /* CreatorTableViewController.swift in Sources */ = {isa = PBXBuildFile; fileRef = 9330DC411DC1F91700EB92AB /* CreatorTableViewController.swift */; };
		9330DC441DC1FDFF00EB92AB /* EmployeeCell.swift in Sources */ = {isa = PBXBuildFile; fileRef = 9330DC431DC1FDFF00EB92AB /* EmployeeCell.swift */; };
		934179EC1DC22725003BA784 /* Employee.swift in Sources */ = {isa = PBXBuildFile; fileRef = 934179EB1DC22725003BA784 /* Employee.swift */; };
		934179EE1DC22FC6003BA784 /* DataFile.swift in Sources */ = {isa = PBXBuildFile; fileRef = 934179ED1DC22FC6003BA784 /* DataFile.swift */; };
		934179F01DC239EA003BA784 /* HighscoreCell.swift in Sources */ = {isa = PBXBuildFile; fileRef = 934179EF1DC239EA003BA784 /* HighscoreCell.swift */; };
		934179F21DC23AC5003BA784 /* HighscoreViewController.swift in Sources */ = {isa = PBXBuildFile; fileRef = 934179F11DC23AC5003BA784 /* HighscoreViewController.swift */; };
		935C67701DAF7E32009F77E8 /* Coffee.swift in Sources */ = {isa = PBXBuildFile; fileRef = 935C676F1DAF7E32009F77E8 /* Coffee.swift */; };
		935C67721DAF7E3A009F77E8 /* Tea.swift in Sources */ = {isa = PBXBuildFile; fileRef = 935C67711DAF7E3A009F77E8 /* Tea.swift */; };
		93954D301DBA3E570074D63C /* Singleton.swift in Sources */ = {isa = PBXBuildFile; fileRef = 93954D2F1DBA3E560074D63C /* Singleton.swift */; };
		93954D331DBDE8440074D63C /* Main.storyboard in Resources */ = {isa = PBXBuildFile; fileRef = 93954D311DBDE8440074D63C /* Main.storyboard */; };
		93954D351DBE00D70074D63C /* StatisticsViewController.swift in Sources */ = {isa = PBXBuildFile; fileRef = 93954D341DBE00D70074D63C /* StatisticsViewController.swift */; };
		939768631DC23DD800E3EAD1 /* TieCell.swift in Sources */ = {isa = PBXBuildFile; fileRef = 939768621DC23DD800E3EAD1 /* TieCell.swift */; };
		93A2162A1DC8A8D100844CFC /* kenyan coffee bd it.otf in Resources */ = {isa = PBXBuildFile; fileRef = 93A216221DC8A8D100844CFC /* kenyan coffee bd it.otf */; };
		93A2162B1DC8A8D100844CFC /* kenyan coffee bd.otf in Resources */ = {isa = PBXBuildFile; fileRef = 93A216231DC8A8D100844CFC /* kenyan coffee bd.otf */; };
		93A2162C1DC8A8D100844CFC /* kenyan coffee rg it.otf in Resources */ = {isa = PBXBuildFile; fileRef = 93A216241DC8A8D100844CFC /* kenyan coffee rg it.otf */; };
		93A2162D1DC8A8D100844CFC /* kenyan coffee rg.otf in Resources */ = {isa = PBXBuildFile; fileRef = 93A216251DC8A8D100844CFC /* kenyan coffee rg.otf */; };
		93A2162E1DC8A8D100844CFC /* KenyanCoffeeRg-Bold.ttf in Resources */ = {isa = PBXBuildFile; fileRef = 93A216261DC8A8D100844CFC /* KenyanCoffeeRg-Bold.ttf */; };
		93A2162F1DC8A8D100844CFC /* KenyanCoffeeRg-BoldItalic.ttf in Resources */ = {isa = PBXBuildFile; fileRef = 93A216271DC8A8D100844CFC /* KenyanCoffeeRg-BoldItalic.ttf */; };
		93A216301DC8A8D100844CFC /* KenyanCoffeeRg-Italic.ttf in Resources */ = {isa = PBXBuildFile; fileRef = 93A216281DC8A8D100844CFC /* KenyanCoffeeRg-Italic.ttf */; };
		93A216311DC8A8D100844CFC /* KenyanCoffeeRg-Regular.ttf in Resources */ = {isa = PBXBuildFile; fileRef = 93A216291DC8A8D100844CFC /* KenyanCoffeeRg-Regular.ttf */; };
		93EE35BF1DBF7CC700C9B380 /* CameraViewController.swift in Sources */ = {isa = PBXBuildFile; fileRef = 93EE35BE1DBF7CC700C9B380 /* CameraViewController.swift */; };
		93EE9A4C1DA7C40B00C2D605 /* AppDelegate.swift in Sources */ = {isa = PBXBuildFile; fileRef = 93EE9A4B1DA7C40B00C2D605 /* AppDelegate.swift */; };
		93EE9A4E1DA7C40B00C2D605 /* ViewController.swift in Sources */ = {isa = PBXBuildFile; fileRef = 93EE9A4D1DA7C40B00C2D605 /* ViewController.swift */; };
		93EE9A531DA7C40B00C2D605 /* Assets.xcassets in Resources */ = {isa = PBXBuildFile; fileRef = 93EE9A521DA7C40B00C2D605 /* Assets.xcassets */; };
		93EE9A561DA7C40B00C2D605 /* LaunchScreen.storyboard in Resources */ = {isa = PBXBuildFile; fileRef = 93EE9A541DA7C40B00C2D605 /* LaunchScreen.storyboard */; };
/* End PBXBuildFile section */

/* Begin PBXFileReference section */
		49156E3CDCC67D2184197552 /* Pods_CoffeeCount.framework */ = {isa = PBXFileReference; explicitFileType = wrapper.framework; includeInIndex = 0; path = Pods_CoffeeCount.framework; sourceTree = BUILT_PRODUCTS_DIR; };
		9315439B1DC88ED600E5E750 /* Employees.json */ = {isa = PBXFileReference; fileEncoding = 4; lastKnownFileType = text.json; path = Employees.json; sourceTree = "<group>"; };
		9330DC411DC1F91700EB92AB /* CreatorTableViewController.swift */ = {isa = PBXFileReference; fileEncoding = 4; lastKnownFileType = sourcecode.swift; path = CreatorTableViewController.swift; sourceTree = "<group>"; };
		9330DC431DC1FDFF00EB92AB /* EmployeeCell.swift */ = {isa = PBXFileReference; fileEncoding = 4; lastKnownFileType = sourcecode.swift; path = EmployeeCell.swift; sourceTree = "<group>"; };
		934179EB1DC22725003BA784 /* Employee.swift */ = {isa = PBXFileReference; fileEncoding = 4; lastKnownFileType = sourcecode.swift; path = Employee.swift; sourceTree = "<group>"; };
		934179ED1DC22FC6003BA784 /* DataFile.swift */ = {isa = PBXFileReference; fileEncoding = 4; lastKnownFileType = sourcecode.swift; path = DataFile.swift; sourceTree = "<group>"; };
		934179EF1DC239EA003BA784 /* HighscoreCell.swift */ = {isa = PBXFileReference; fileEncoding = 4; lastKnownFileType = sourcecode.swift; path = HighscoreCell.swift; sourceTree = "<group>"; };
		934179F11DC23AC5003BA784 /* HighscoreViewController.swift */ = {isa = PBXFileReference; fileEncoding = 4; lastKnownFileType = sourcecode.swift; path = HighscoreViewController.swift; sourceTree = "<group>"; };
		935C676F1DAF7E32009F77E8 /* Coffee.swift */ = {isa = PBXFileReference; fileEncoding = 4; lastKnownFileType = sourcecode.swift; path = Coffee.swift; sourceTree = "<group>"; };
		935C67711DAF7E3A009F77E8 /* Tea.swift */ = {isa = PBXFileReference; fileEncoding = 4; lastKnownFileType = sourcecode.swift; path = Tea.swift; sourceTree = "<group>"; };
		93954D2F1DBA3E560074D63C /* Singleton.swift */ = {isa = PBXFileReference; fileEncoding = 4; lastKnownFileType = sourcecode.swift; path = Singleton.swift; sourceTree = "<group>"; };
		93954D321DBDE8440074D63C /* Base */ = {isa = PBXFileReference; lastKnownFileType = file.storyboard; name = Base; path = Base.lproj/Main.storyboard; sourceTree = "<group>"; };
		93954D341DBE00D70074D63C /* StatisticsViewController.swift */ = {isa = PBXFileReference; fileEncoding = 4; lastKnownFileType = sourcecode.swift; path = StatisticsViewController.swift; sourceTree = "<group>"; };
		939768621DC23DD800E3EAD1 /* TieCell.swift */ = {isa = PBXFileReference; fileEncoding = 4; lastKnownFileType = sourcecode.swift; path = TieCell.swift; sourceTree = "<group>"; };
		93A216221DC8A8D100844CFC /* kenyan coffee bd it.otf */ = {isa = PBXFileReference; lastKnownFileType = file; path = "kenyan coffee bd it.otf"; sourceTree = "<group>"; };
		93A216231DC8A8D100844CFC /* kenyan coffee bd.otf */ = {isa = PBXFileReference; lastKnownFileType = file; path = "kenyan coffee bd.otf"; sourceTree = "<group>"; };
		93A216241DC8A8D100844CFC /* kenyan coffee rg it.otf */ = {isa = PBXFileReference; lastKnownFileType = file; path = "kenyan coffee rg it.otf"; sourceTree = "<group>"; };
		93A216251DC8A8D100844CFC /* kenyan coffee rg.otf */ = {isa = PBXFileReference; lastKnownFileType = file; path = "kenyan coffee rg.otf"; sourceTree = "<group>"; };
		93A216261DC8A8D100844CFC /* KenyanCoffeeRg-Bold.ttf */ = {isa = PBXFileReference; lastKnownFileType = file; path = "KenyanCoffeeRg-Bold.ttf"; sourceTree = "<group>"; };
		93A216271DC8A8D100844CFC /* KenyanCoffeeRg-BoldItalic.ttf */ = {isa = PBXFileReference; lastKnownFileType = file; path = "KenyanCoffeeRg-BoldItalic.ttf"; sourceTree = "<group>"; };
		93A216281DC8A8D100844CFC /* KenyanCoffeeRg-Italic.ttf */ = {isa = PBXFileReference; lastKnownFileType = file; path = "KenyanCoffeeRg-Italic.ttf"; sourceTree = "<group>"; };
		93A216291DC8A8D100844CFC /* KenyanCoffeeRg-Regular.ttf */ = {isa = PBXFileReference; lastKnownFileType = file; path = "KenyanCoffeeRg-Regular.ttf"; sourceTree = "<group>"; };
		93EE35BE1DBF7CC700C9B380 /* CameraViewController.swift */ = {isa = PBXFileReference; fileEncoding = 4; lastKnownFileType = sourcecode.swift; path = CameraViewController.swift; sourceTree = "<group>"; };
		93EE9A481DA7C40B00C2D605 /* CoffeeCount.app */ = {isa = PBXFileReference; explicitFileType = wrapper.application; includeInIndex = 0; path = CoffeeCount.app; sourceTree = BUILT_PRODUCTS_DIR; };
		93EE9A4B1DA7C40B00C2D605 /* AppDelegate.swift */ = {isa = PBXFileReference; lastKnownFileType = sourcecode.swift; path = AppDelegate.swift; sourceTree = "<group>"; };
		93EE9A4D1DA7C40B00C2D605 /* ViewController.swift */ = {isa = PBXFileReference; lastKnownFileType = sourcecode.swift; path = ViewController.swift; sourceTree = "<group>"; };
		93EE9A521DA7C40B00C2D605 /* Assets.xcassets */ = {isa = PBXFileReference; lastKnownFileType = folder.assetcatalog; path = Assets.xcassets; sourceTree = "<group>"; };
		93EE9A551DA7C40B00C2D605 /* Base */ = {isa = PBXFileReference; lastKnownFileType = file.storyboard; name = Base; path = Base.lproj/LaunchScreen.storyboard; sourceTree = "<group>"; };
		93EE9A571DA7C40B00C2D605 /* Info.plist */ = {isa = PBXFileReference; lastKnownFileType = text.plist.xml; path = Info.plist; sourceTree = "<group>"; };
		97DA986C3BAC2F62FB91184A /* Pods-CoffeeCount.release.xcconfig */ = {isa = PBXFileReference; includeInIndex = 1; lastKnownFileType = text.xcconfig; name = "Pods-CoffeeCount.release.xcconfig"; path = "Pods/Target Support Files/Pods-CoffeeCount/Pods-CoffeeCount.release.xcconfig"; sourceTree = "<group>"; };
		F9AE46EE6CE694B08AC9895B /* Pods-CoffeeCount.debug.xcconfig */ = {isa = PBXFileReference; includeInIndex = 1; lastKnownFileType = text.xcconfig; name = "Pods-CoffeeCount.debug.xcconfig"; path = "Pods/Target Support Files/Pods-CoffeeCount/Pods-CoffeeCount.debug.xcconfig"; sourceTree = "<group>"; };
/* End PBXFileReference section */

/* Begin PBXFrameworksBuildPhase section */
		93EE9A451DA7C40B00C2D605 /* Frameworks */ = {
			isa = PBXFrameworksBuildPhase;
			buildActionMask = 2147483647;
			files = (
				0E386FB5B21F156DDFFC70A0 /* Pods_CoffeeCount.framework in Frameworks */,
			);
			runOnlyForDeploymentPostprocessing = 0;
		};
/* End PBXFrameworksBuildPhase section */

/* Begin PBXGroup section */
		366483F307A66F8118288B69 /* Pods */ = {
			isa = PBXGroup;
			children = (
				F9AE46EE6CE694B08AC9895B /* Pods-CoffeeCount.debug.xcconfig */,
				97DA986C3BAC2F62FB91184A /* Pods-CoffeeCount.release.xcconfig */,
			);
			name = Pods;
			sourceTree = "<group>";
		};
		9315439A1DC88B8E00E5E750 /* Cells */ = {
			isa = PBXGroup;
			children = (
				939768621DC23DD800E3EAD1 /* TieCell.swift */,
				934179EF1DC239EA003BA784 /* HighscoreCell.swift */,
				9330DC431DC1FDFF00EB92AB /* EmployeeCell.swift */,
			);
			name = Cells;
			sourceTree = "<group>";
		};
		934179EA1DC22678003BA784 /* ViewControllers */ = {
			isa = PBXGroup;
			children = (
				93EE9A4D1DA7C40B00C2D605 /* ViewController.swift */,
				9330DC411DC1F91700EB92AB /* CreatorTableViewController.swift */,
				93EE35BE1DBF7CC700C9B380 /* CameraViewController.swift */,
				93954D341DBE00D70074D63C /* StatisticsViewController.swift */,
				934179F11DC23AC5003BA784 /* HighscoreViewController.swift */,
			);
			name = ViewControllers;
			sourceTree = "<group>";
		};
		93A216211DC8A8B100844CFC /* Resources */ = {
			isa = PBXGroup;
			children = (
				93A216221DC8A8D100844CFC /* kenyan coffee bd it.otf */,
				93A216231DC8A8D100844CFC /* kenyan coffee bd.otf */,
				93A216241DC8A8D100844CFC /* kenyan coffee rg it.otf */,
				93A216251DC8A8D100844CFC /* kenyan coffee rg.otf */,
				93A216261DC8A8D100844CFC /* KenyanCoffeeRg-Bold.ttf */,
				93A216271DC8A8D100844CFC /* KenyanCoffeeRg-BoldItalic.ttf */,
				93A216281DC8A8D100844CFC /* KenyanCoffeeRg-Italic.ttf */,
				93A216291DC8A8D100844CFC /* KenyanCoffeeRg-Regular.ttf */,
			);
			name = Resources;
			sourceTree = "<group>";
		};
		93EE9A3F1DA7C40B00C2D605 = {
			isa = PBXGroup;
			children = (
				93EE9A4A1DA7C40B00C2D605 /* CoffeeCount */,
				93EE9A491DA7C40B00C2D605 /* Products */,
				366483F307A66F8118288B69 /* Pods */,
				FC3D0390544353FD915E3FC2 /* Frameworks */,
			);
			sourceTree = "<group>";
		};
		93EE9A491DA7C40B00C2D605 /* Products */ = {
			isa = PBXGroup;
			children = (
				93EE9A481DA7C40B00C2D605 /* CoffeeCount.app */,
			);
			name = Products;
			sourceTree = "<group>";
		};
		93EE9A4A1DA7C40B00C2D605 /* CoffeeCount */ = {
			isa = PBXGroup;
			children = (
				93A216211DC8A8B100844CFC /* Resources */,
				9315439A1DC88B8E00E5E750 /* Cells */,
				934179EA1DC22678003BA784 /* ViewControllers */,
				93EE9A4B1DA7C40B00C2D605 /* AppDelegate.swift */,
				935C676F1DAF7E32009F77E8 /* Coffee.swift */,
				935C67711DAF7E3A009F77E8 /* Tea.swift */,
				93954D2F1DBA3E560074D63C /* Singleton.swift */,
				934179ED1DC22FC6003BA784 /* DataFile.swift */,
				9315439B1DC88ED600E5E750 /* Employees.json */,
				934179EB1DC22725003BA784 /* Employee.swift */,
				93EE9A521DA7C40B00C2D605 /* Assets.xcassets */,
				93954D311DBDE8440074D63C /* Main.storyboard */,
				93EE9A541DA7C40B00C2D605 /* LaunchScreen.storyboard */,
				93EE9A571DA7C40B00C2D605 /* Info.plist */,
			);
			path = CoffeeCount;
			sourceTree = "<group>";
		};
		FC3D0390544353FD915E3FC2 /* Frameworks */ = {
			isa = PBXGroup;
			children = (
				49156E3CDCC67D2184197552 /* Pods_CoffeeCount.framework */,
			);
			name = Frameworks;
			sourceTree = "<group>";
		};
/* End PBXGroup section */

/* Begin PBXNativeTarget section */
		93EE9A471DA7C40B00C2D605 /* CoffeeCount */ = {
			isa = PBXNativeTarget;
			buildConfigurationList = 93EE9A5A1DA7C40B00C2D605 /* Build configuration list for PBXNativeTarget "CoffeeCount" */;
			buildPhases = (
				21D5078D32FE4EC99D0F0267 /* 📦 Check Pods Manifest.lock */,
				93EE9A441DA7C40B00C2D605 /* Sources */,
				93EE9A451DA7C40B00C2D605 /* Frameworks */,
				93EE9A461DA7C40B00C2D605 /* Resources */,
				2BC75E45D8DF50F25E56EB1D /* 📦 Embed Pods Frameworks */,
				F90C35D6D4AF10BEC0233CFB /* 📦 Copy Pods Resources */,
			);
			buildRules = (
			);
			dependencies = (
			);
			name = CoffeeCount;
			productName = CoffeeCount;
			productReference = 93EE9A481DA7C40B00C2D605 /* CoffeeCount.app */;
			productType = "com.apple.product-type.application";
		};
/* End PBXNativeTarget section */

/* Begin PBXProject section */
		93EE9A401DA7C40B00C2D605 /* Project object */ = {
			isa = PBXProject;
			attributes = {
				LastSwiftUpdateCheck = 0800;
				LastUpgradeCheck = 0800;
				ORGANIZATIONNAME = viggurt;
				TargetAttributes = {
					93EE9A471DA7C40B00C2D605 = {
						CreatedOnToolsVersion = 8.0;
						DevelopmentTeam = UC677ZFV39;
						LastSwiftMigration = 0800;
						ProvisioningStyle = Automatic;
					};
				};
			};
			buildConfigurationList = 93EE9A431DA7C40B00C2D605 /* Build configuration list for PBXProject "CoffeeCount" */;
			compatibilityVersion = "Xcode 3.2";
			developmentRegion = English;
			hasScannedForEncodings = 0;
			knownRegions = (
				en,
				Base,
			);
			mainGroup = 93EE9A3F1DA7C40B00C2D605;
			productRefGroup = 93EE9A491DA7C40B00C2D605 /* Products */;
			projectDirPath = "";
			projectRoot = "";
			targets = (
				93EE9A471DA7C40B00C2D605 /* CoffeeCount */,
			);
		};
/* End PBXProject section */

/* Begin PBXResourcesBuildPhase section */
		93EE9A461DA7C40B00C2D605 /* Resources */ = {
			isa = PBXResourcesBuildPhase;
			buildActionMask = 2147483647;
			files = (
				93A216311DC8A8D100844CFC /* KenyanCoffeeRg-Regular.ttf in Resources */,
				93A2162E1DC8A8D100844CFC /* KenyanCoffeeRg-Bold.ttf in Resources */,
				93A2162C1DC8A8D100844CFC /* kenyan coffee rg it.otf in Resources */,
				93954D331DBDE8440074D63C /* Main.storyboard in Resources */,
				93A2162D1DC8A8D100844CFC /* kenyan coffee rg.otf in Resources */,
				93A2162F1DC8A8D100844CFC /* KenyanCoffeeRg-BoldItalic.ttf in Resources */,
				9315439C1DC88ED600E5E750 /* Employees.json in Resources */,
				93EE9A561DA7C40B00C2D605 /* LaunchScreen.storyboard in Resources */,
				93A216301DC8A8D100844CFC /* KenyanCoffeeRg-Italic.ttf in Resources */,
				93A2162A1DC8A8D100844CFC /* kenyan coffee bd it.otf in Resources */,
				93EE9A531DA7C40B00C2D605 /* Assets.xcassets in Resources */,
				93A2162B1DC8A8D100844CFC /* kenyan coffee bd.otf in Resources */,
			);
			runOnlyForDeploymentPostprocessing = 0;
		};
/* End PBXResourcesBuildPhase section */

/* Begin PBXShellScriptBuildPhase section */
		21D5078D32FE4EC99D0F0267 /* 📦 Check Pods Manifest.lock */ = {
			isa = PBXShellScriptBuildPhase;
			buildActionMask = 2147483647;
			files = (
			);
			inputPaths = (
			);
			name = "📦 Check Pods Manifest.lock";
			outputPaths = (
			);
			runOnlyForDeploymentPostprocessing = 0;
			shellPath = /bin/sh;
			shellScript = "diff \"${PODS_ROOT}/../Podfile.lock\" \"${PODS_ROOT}/Manifest.lock\" > /dev/null\nif [[ $? != 0 ]] ; then\n    cat << EOM\nerror: The sandbox is not in sync with the Podfile.lock. Run 'pod install' or update your CocoaPods installation.\nEOM\n    exit 1\nfi\n";
			showEnvVarsInLog = 0;
		};
		2BC75E45D8DF50F25E56EB1D /* 📦 Embed Pods Frameworks */ = {
			isa = PBXShellScriptBuildPhase;
			buildActionMask = 2147483647;
			files = (
			);
			inputPaths = (
			);
			name = "📦 Embed Pods Frameworks";
			outputPaths = (
			);
			runOnlyForDeploymentPostprocessing = 0;
			shellPath = /bin/sh;
			shellScript = "\"${SRCROOT}/Pods/Target Support Files/Pods-CoffeeCount/Pods-CoffeeCount-frameworks.sh\"\n";
			showEnvVarsInLog = 0;
		};
		F90C35D6D4AF10BEC0233CFB /* 📦 Copy Pods Resources */ = {
			isa = PBXShellScriptBuildPhase;
			buildActionMask = 2147483647;
			files = (
			);
			inputPaths = (
			);
			name = "📦 Copy Pods Resources";
			outputPaths = (
			);
			runOnlyForDeploymentPostprocessing = 0;
			shellPath = /bin/sh;
			shellScript = "\"${SRCROOT}/Pods/Target Support Files/Pods-CoffeeCount/Pods-CoffeeCount-resources.sh\"\n";
			showEnvVarsInLog = 0;
		};
/* End PBXShellScriptBuildPhase section */

/* Begin PBXSourcesBuildPhase section */
		93EE9A441DA7C40B00C2D605 /* Sources */ = {
			isa = PBXSourcesBuildPhase;
			buildActionMask = 2147483647;
			files = (
				93954D301DBA3E570074D63C /* Singleton.swift in Sources */,
				93EE9A4E1DA7C40B00C2D605 /* ViewController.swift in Sources */,
				934179F01DC239EA003BA784 /* HighscoreCell.swift in Sources */,
				93EE9A4C1DA7C40B00C2D605 /* AppDelegate.swift in Sources */,
				934179EC1DC22725003BA784 /* Employee.swift in Sources */,
				9330DC421DC1F91700EB92AB /* CreatorTableViewController.swift in Sources */,
				939768631DC23DD800E3EAD1 /* TieCell.swift in Sources */,
				934179F21DC23AC5003BA784 /* HighscoreViewController.swift in Sources */,
				935C67721DAF7E3A009F77E8 /* Tea.swift in Sources */,
				93EE35BF1DBF7CC700C9B380 /* CameraViewController.swift in Sources */,
				935C67701DAF7E32009F77E8 /* Coffee.swift in Sources */,
				934179EE1DC22FC6003BA784 /* DataFile.swift in Sources */,
				93954D351DBE00D70074D63C /* StatisticsViewController.swift in Sources */,
				9330DC441DC1FDFF00EB92AB /* EmployeeCell.swift in Sources */,
			);
			runOnlyForDeploymentPostprocessing = 0;
		};
/* End PBXSourcesBuildPhase section */

/* Begin PBXVariantGroup section */
		93954D311DBDE8440074D63C /* Main.storyboard */ = {
			isa = PBXVariantGroup;
			children = (
				93954D321DBDE8440074D63C /* Base */,
			);
			name = Main.storyboard;
			sourceTree = "<group>";
		};
		93EE9A541DA7C40B00C2D605 /* LaunchScreen.storyboard */ = {
			isa = PBXVariantGroup;
			children = (
				93EE9A551DA7C40B00C2D605 /* Base */,
			);
			name = LaunchScreen.storyboard;
			sourceTree = "<group>";
		};
/* End PBXVariantGroup section */

/* Begin XCBuildConfiguration section */
		93EE9A581DA7C40B00C2D605 /* Debug */ = {
			isa = XCBuildConfiguration;
			buildSettings = {
				ALWAYS_SEARCH_USER_PATHS = NO;
				CLANG_ANALYZER_NONNULL = YES;
				CLANG_CXX_LANGUAGE_STANDARD = "gnu++0x";
				CLANG_CXX_LIBRARY = "libc++";
				CLANG_ENABLE_MODULES = YES;
				CLANG_ENABLE_OBJC_ARC = YES;
				CLANG_WARN_BOOL_CONVERSION = YES;
				CLANG_WARN_CONSTANT_CONVERSION = YES;
				CLANG_WARN_DIRECT_OBJC_ISA_USAGE = YES_ERROR;
				CLANG_WARN_DOCUMENTATION_COMMENTS = YES;
				CLANG_WARN_EMPTY_BODY = YES;
				CLANG_WARN_ENUM_CONVERSION = YES;
				CLANG_WARN_INFINITE_RECURSION = YES;
				CLANG_WARN_INT_CONVERSION = YES;
				CLANG_WARN_OBJC_ROOT_CLASS = YES_ERROR;
				CLANG_WARN_SUSPICIOUS_MOVES = YES;
				CLANG_WARN_UNREACHABLE_CODE = YES;
				CLANG_WARN__DUPLICATE_METHOD_MATCH = YES;
				"CODE_SIGN_IDENTITY[sdk=iphoneos*]" = "iPhone Developer";
				COPY_PHASE_STRIP = NO;
				DEBUG_INFORMATION_FORMAT = dwarf;
				ENABLE_STRICT_OBJC_MSGSEND = YES;
				ENABLE_TESTABILITY = YES;
				GCC_C_LANGUAGE_STANDARD = gnu99;
				GCC_DYNAMIC_NO_PIC = NO;
				GCC_NO_COMMON_BLOCKS = YES;
				GCC_OPTIMIZATION_LEVEL = 0;
				GCC_PREPROCESSOR_DEFINITIONS = (
					"DEBUG=1",
					"$(inherited)",
				);
				GCC_WARN_64_TO_32_BIT_CONVERSION = YES;
				GCC_WARN_ABOUT_RETURN_TYPE = YES_ERROR;
				GCC_WARN_UNDECLARED_SELECTOR = YES;
				GCC_WARN_UNINITIALIZED_AUTOS = YES_AGGRESSIVE;
				GCC_WARN_UNUSED_FUNCTION = YES;
				GCC_WARN_UNUSED_VARIABLE = YES;
				IPHONEOS_DEPLOYMENT_TARGET = 10.0;
				MTL_ENABLE_DEBUG_INFO = YES;
				ONLY_ACTIVE_ARCH = YES;
				SDKROOT = iphoneos;
				SWIFT_ACTIVE_COMPILATION_CONDITIONS = DEBUG;
				SWIFT_OPTIMIZATION_LEVEL = "-Onone";
				TARGETED_DEVICE_FAMILY = "1,2";
			};
			name = Debug;
		};
		93EE9A591DA7C40B00C2D605 /* Release */ = {
			isa = XCBuildConfiguration;
			buildSettings = {
				ALWAYS_SEARCH_USER_PATHS = NO;
				CLANG_ANALYZER_NONNULL = YES;
				CLANG_CXX_LANGUAGE_STANDARD = "gnu++0x";
				CLANG_CXX_LIBRARY = "libc++";
				CLANG_ENABLE_MODULES = YES;
				CLANG_ENABLE_OBJC_ARC = YES;
				CLANG_WARN_BOOL_CONVERSION = YES;
				CLANG_WARN_CONSTANT_CONVERSION = YES;
				CLANG_WARN_DIRECT_OBJC_ISA_USAGE = YES_ERROR;
				CLANG_WARN_DOCUMENTATION_COMMENTS = YES;
				CLANG_WARN_EMPTY_BODY = YES;
				CLANG_WARN_ENUM_CONVERSION = YES;
				CLANG_WARN_INFINITE_RECURSION = YES;
				CLANG_WARN_INT_CONVERSION = YES;
				CLANG_WARN_OBJC_ROOT_CLASS = YES_ERROR;
				CLANG_WARN_SUSPICIOUS_MOVES = YES;
				CLANG_WARN_UNREACHABLE_CODE = YES;
				CLANG_WARN__DUPLICATE_METHOD_MATCH = YES;
				"CODE_SIGN_IDENTITY[sdk=iphoneos*]" = "iPhone Developer";
				COPY_PHASE_STRIP = NO;
				DEBUG_INFORMATION_FORMAT = "dwarf-with-dsym";
				ENABLE_NS_ASSERTIONS = NO;
				ENABLE_STRICT_OBJC_MSGSEND = YES;
				GCC_C_LANGUAGE_STANDARD = gnu99;
				GCC_NO_COMMON_BLOCKS = YES;
				GCC_WARN_64_TO_32_BIT_CONVERSION = YES;
				GCC_WARN_ABOUT_RETURN_TYPE = YES_ERROR;
				GCC_WARN_UNDECLARED_SELECTOR = YES;
				GCC_WARN_UNINITIALIZED_AUTOS = YES_AGGRESSIVE;
				GCC_WARN_UNUSED_FUNCTION = YES;
				GCC_WARN_UNUSED_VARIABLE = YES;
				IPHONEOS_DEPLOYMENT_TARGET = 10.0;
				MTL_ENABLE_DEBUG_INFO = NO;
				SDKROOT = iphoneos;
				SWIFT_OPTIMIZATION_LEVEL = "-Owholemodule";
				TARGETED_DEVICE_FAMILY = "1,2";
				VALIDATE_PRODUCT = YES;
			};
			name = Release;
		};
		93EE9A5B1DA7C40B00C2D605 /* Debug */ = {
			isa = XCBuildConfiguration;
			baseConfigurationReference = F9AE46EE6CE694B08AC9895B /* Pods-CoffeeCount.debug.xcconfig */;
			buildSettings = {
				ASSETCATALOG_COMPILER_APPICON_NAME = AppIcon;
				DEVELOPMENT_TEAM = UC677ZFV39;
				INFOPLIST_FILE = CoffeeCount/Info.plist;
				LD_RUNPATH_SEARCH_PATHS = "$(inherited) @executable_path/Frameworks";
				PRODUCT_BUNDLE_IDENTIFIER = se.viggurt.CoffeeCounter;
				PRODUCT_NAME = "$(TARGET_NAME)";
				SWIFT_VERSION = 3.0;
			};
			name = Debug;
		};
		93EE9A5C1DA7C40B00C2D605 /* Release */ = {
			isa = XCBuildConfiguration;
			baseConfigurationReference = 97DA986C3BAC2F62FB91184A /* Pods-CoffeeCount.release.xcconfig */;
			buildSettings = {
				ASSETCATALOG_COMPILER_APPICON_NAME = AppIcon;
				DEVELOPMENT_TEAM = UC677ZFV39;
				INFOPLIST_FILE = CoffeeCount/Info.plist;
				LD_RUNPATH_SEARCH_PATHS = "$(inherited) @executable_path/Frameworks";
				PRODUCT_BUNDLE_IDENTIFIER = se.viggurt.CoffeeCounter;
				PRODUCT_NAME = "$(TARGET_NAME)";
				SWIFT_VERSION = 3.0;
			};
			name = Release;
		};
/* End XCBuildConfiguration section */

/* Begin XCConfigurationList section */
		93EE9A431DA7C40B00C2D605 /* Build configuration list for PBXProject "CoffeeCount" */ = {
			isa = XCConfigurationList;
			buildConfigurations = (
				93EE9A581DA7C40B00C2D605 /* Debug */,
				93EE9A591DA7C40B00C2D605 /* Release */,
			);
			defaultConfigurationIsVisible = 0;
			defaultConfigurationName = Release;
		};
		93EE9A5A1DA7C40B00C2D605 /* Build configuration list for PBXNativeTarget "CoffeeCount" */ = {
			isa = XCConfigurationList;
			buildConfigurations = (
				93EE9A5B1DA7C40B00C2D605 /* Debug */,
				93EE9A5C1DA7C40B00C2D605 /* Release */,
			);
			defaultConfigurationIsVisible = 0;
			defaultConfigurationName = Release;
		};
/* End XCConfigurationList section */
	};
	rootObject = 93EE9A401DA7C40B00C2D605 /* Project object */;
}
